// !$*UTF8*$!
{
	archiveVersion = 1;
	classes = {
	};
	objectVersion = 50;
	objects = {

/* Begin PBXBuildFile section */
		900CF29F1AA84EED0D58E633 /* Pods_PushDemo_silent.framework in Frameworks */ = {isa = PBXBuildFile; fileRef = 4FC3D3A2FD5228E4460B3103 /* Pods_PushDemo_silent.framework */; };
		A2667532225C7D780033396D /* AppDelegate.swift in Sources */ = {isa = PBXBuildFile; fileRef = A2667531225C7D780033396D /* AppDelegate.swift */; };
		A2667534225C7D780033396D /* ViewController.swift in Sources */ = {isa = PBXBuildFile; fileRef = A2667533225C7D780033396D /* ViewController.swift */; };
		A2667537225C7D780033396D /* Main.storyboard in Resources */ = {isa = PBXBuildFile; fileRef = A2667535225C7D780033396D /* Main.storyboard */; };
		A2667539225C7D8C0033396D /* Assets.xcassets in Resources */ = {isa = PBXBuildFile; fileRef = A2667538225C7D8C0033396D /* Assets.xcassets */; };
		A266753C225C7D8C0033396D /* LaunchScreen.storyboard in Resources */ = {isa = PBXBuildFile; fileRef = A266753A225C7D8C0033396D /* LaunchScreen.storyboard */; };
		A2667546225C866B0033396D /* GoogleService-Info.plist in Resources */ = {isa = PBXBuildFile; fileRef = A2667545225C866B0033396D /* GoogleService-Info.plist */; };
		A2CC1D4D225F4AFA001C337F /* ListViewController.swift in Sources */ = {isa = PBXBuildFile; fileRef = A2CC1D4C225F4AFA001C337F /* ListViewController.swift */; };
/* End PBXBuildFile section */

/* Begin PBXFileReference section */
		4FC3D3A2FD5228E4460B3103 /* Pods_PushDemo_silent.framework */ = {isa = PBXFileReference; explicitFileType = wrapper.framework; includeInIndex = 0; path = Pods_PushDemo_silent.framework; sourceTree = BUILT_PRODUCTS_DIR; };
		747B4CFEE5EA7A160B2EB2B5 /* Pods-PushDemo_silent.release.xcconfig */ = {isa = PBXFileReference; includeInIndex = 1; lastKnownFileType = text.xcconfig; name = "Pods-PushDemo_silent.release.xcconfig"; path = "Pods/Target Support Files/Pods-PushDemo_silent/Pods-PushDemo_silent.release.xcconfig"; sourceTree = "<group>"; };
		A266752E225C7D780033396D /* PushDemo_silent.app */ = {isa = PBXFileReference; explicitFileType = wrapper.application; includeInIndex = 0; path = PushDemo_silent.app; sourceTree = BUILT_PRODUCTS_DIR; };
		A2667531225C7D780033396D /* AppDelegate.swift */ = {isa = PBXFileReference; lastKnownFileType = sourcecode.swift; path = AppDelegate.swift; sourceTree = "<group>"; };
		A2667533225C7D780033396D /* ViewController.swift */ = {isa = PBXFileReference; lastKnownFileType = sourcecode.swift; path = ViewController.swift; sourceTree = "<group>"; };
		A2667536225C7D780033396D /* Base */ = {isa = PBXFileReference; lastKnownFileType = file.storyboard; name = Base; path = Base.lproj/Main.storyboard; sourceTree = "<group>"; };
		A2667538225C7D8C0033396D /* Assets.xcassets */ = {isa = PBXFileReference; lastKnownFileType = folder.assetcatalog; path = Assets.xcassets; sourceTree = "<group>"; };
		A266753B225C7D8C0033396D /* Base */ = {isa = PBXFileReference; lastKnownFileType = file.storyboard; name = Base; path = Base.lproj/LaunchScreen.storyboard; sourceTree = "<group>"; };
		A266753D225C7D8D0033396D /* Info.plist */ = {isa = PBXFileReference; lastKnownFileType = text.plist.xml; path = Info.plist; sourceTree = "<group>"; };
		A2667545225C866B0033396D /* GoogleService-Info.plist */ = {isa = PBXFileReference; fileEncoding = 4; lastKnownFileType = text.plist.xml; path = "GoogleService-Info.plist"; sourceTree = "<group>"; };
		A2667547225C86A50033396D /* PushDemo_silent.entitlements */ = {isa = PBXFileReference; lastKnownFileType = text.plist.entitlements; path = PushDemo_silent.entitlements; sourceTree = "<group>"; };
		A2CC1D4C225F4AFA001C337F /* ListViewController.swift */ = {isa = PBXFileReference; lastKnownFileType = sourcecode.swift; path = ListViewController.swift; sourceTree = "<group>"; };
		AD2F3C61D8381B4D53C1EC51 /* Pods-PushDemo_silent.debug.xcconfig */ = {isa = PBXFileReference; includeInIndex = 1; lastKnownFileType = text.xcconfig; name = "Pods-PushDemo_silent.debug.xcconfig"; path = "Pods/Target Support Files/Pods-PushDemo_silent/Pods-PushDemo_silent.debug.xcconfig"; sourceTree = "<group>"; };
/* End PBXFileReference section */

/* Begin PBXFrameworksBuildPhase section */
		A266752B225C7D780033396D /* Frameworks */ = {
			isa = PBXFrameworksBuildPhase;
			buildActionMask = 2147483647;
			files = (
				900CF29F1AA84EED0D58E633 /* Pods_PushDemo_silent.framework in Frameworks */,
			);
			runOnlyForDeploymentPostprocessing = 0;
		};
/* End PBXFrameworksBuildPhase section */

/* Begin PBXGroup section */
		8C923C36B3EB66AFA43AE519 /* Pods */ = {
			isa = PBXGroup;
			children = (
				AD2F3C61D8381B4D53C1EC51 /* Pods-PushDemo_silent.debug.xcconfig */,
				747B4CFEE5EA7A160B2EB2B5 /* Pods-PushDemo_silent.release.xcconfig */,
			);
			name = Pods;
			sourceTree = "<group>";
		};
		A2667525225C7D770033396D = {
			isa = PBXGroup;
			children = (
				A2667530225C7D780033396D /* PushDemo_silent */,
				A266752F225C7D780033396D /* Products */,
				8C923C36B3EB66AFA43AE519 /* Pods */,
				A9D58E4F695C4771557F67D1 /* Frameworks */,
			);
			sourceTree = "<group>";
		};
		A266752F225C7D780033396D /* Products */ = {
			isa = PBXGroup;
			children = (
				A266752E225C7D780033396D /* PushDemo_silent.app */,
			);
			name = Products;
			sourceTree = "<group>";
		};
		A2667530225C7D780033396D /* PushDemo_silent */ = {
			isa = PBXGroup;
			children = (
				A2CC1D4B225F4ACC001C337F /* Controllers */,
				A2667547225C86A50033396D /* PushDemo_silent.entitlements */,
				A2667535225C7D780033396D /* Main.storyboard */,
				A2667538225C7D8C0033396D /* Assets.xcassets */,
				A266753A225C7D8C0033396D /* LaunchScreen.storyboard */,
				A266753D225C7D8D0033396D /* Info.plist */,
				A2667545225C866B0033396D /* GoogleService-Info.plist */,
			);
			path = PushDemo_silent;
			sourceTree = "<group>";
		};
		A2CC1D4B225F4ACC001C337F /* Controllers */ = {
			isa = PBXGroup;
			children = (
				A2667531225C7D780033396D /* AppDelegate.swift */,
				A2667533225C7D780033396D /* ViewController.swift */,
				A2CC1D4C225F4AFA001C337F /* ListViewController.swift */,
			);
			path = Controllers;
			sourceTree = "<group>";
		};
		A9D58E4F695C4771557F67D1 /* Frameworks */ = {
			isa = PBXGroup;
			children = (
				4FC3D3A2FD5228E4460B3103 /* Pods_PushDemo_silent.framework */,
			);
			name = Frameworks;
			sourceTree = "<group>";
		};
/* End PBXGroup section */

/* Begin PBXNativeTarget section */
		A266752D225C7D780033396D /* PushDemo_silent */ = {
			isa = PBXNativeTarget;
			buildConfigurationList = A2667540225C7D8D0033396D /* Build configuration list for PBXNativeTarget "PushDemo_silent" */;
			buildPhases = (
				C9CFCE60B7575381381E3C82 /* [CP] Check Pods Manifest.lock */,
				A266752A225C7D780033396D /* Sources */,
				A266752B225C7D780033396D /* Frameworks */,
				A266752C225C7D780033396D /* Resources */,
				27F22774C49138838F7A9E35 /* [CP] Embed Pods Frameworks */,
			);
			buildRules = (
			);
			dependencies = (
			);
			name = PushDemo_silent;
			productName = PushDemo_silent;
			productReference = A266752E225C7D780033396D /* PushDemo_silent.app */;
			productType = "com.apple.product-type.application";
		};
/* End PBXNativeTarget section */

/* Begin PBXProject section */
		A2667526225C7D770033396D /* Project object */ = {
			isa = PBXProject;
			attributes = {
				LastSwiftUpdateCheck = 1010;
				LastUpgradeCheck = 1010;
				ORGANIZATIONNAME = HardikDabhi;
				TargetAttributes = {
					A266752D225C7D780033396D = {
						CreatedOnToolsVersion = 10.1;
						SystemCapabilities = {
							com.apple.BackgroundModes = {
								enabled = 1;
							};
							com.apple.Push = {
								enabled = 1;
							};
						};
					};
				};
			};
			buildConfigurationList = A2667529225C7D770033396D /* Build configuration list for PBXProject "PushDemo_silent" */;
			compatibilityVersion = "Xcode 9.3";
			developmentRegion = en;
			hasScannedForEncodings = 0;
			knownRegions = (
				en,
				Base,
			);
			mainGroup = A2667525225C7D770033396D;
			productRefGroup = A266752F225C7D780033396D /* Products */;
			projectDirPath = "";
			projectRoot = "";
			targets = (
				A266752D225C7D780033396D /* PushDemo_silent */,
			);
		};
/* End PBXProject section */

/* Begin PBXResourcesBuildPhase section */
		A266752C225C7D780033396D /* Resources */ = {
			isa = PBXResourcesBuildPhase;
			buildActionMask = 2147483647;
			files = (
				A266753C225C7D8C0033396D /* LaunchScreen.storyboard in Resources */,
				A2667539225C7D8C0033396D /* Assets.xcassets in Resources */,
				A2667546225C866B0033396D /* GoogleService-Info.plist in Resources */,
				A2667537225C7D780033396D /* Main.storyboard in Resources */,
			);
			runOnlyForDeploymentPostprocessing = 0;
		};
/* End PBXResourcesBuildPhase section */

/* Begin PBXShellScriptBuildPhase section */
		27F22774C49138838F7A9E35 /* [CP] Embed Pods Frameworks */ = {
			isa = PBXShellScriptBuildPhase;
			buildActionMask = 2147483647;
			files = (
			);
			inputPaths = (
				"${SRCROOT}/Pods/Target Support Files/Pods-PushDemo_silent/Pods-PushDemo_silent-frameworks.sh",
				"${BUILT_PRODUCTS_DIR}/GoogleUtilities/GoogleUtilities.framework",
				"${BUILT_PRODUCTS_DIR}/Protobuf/Protobuf.framework",
				"${BUILT_PRODUCTS_DIR}/nanopb/nanopb.framework",
			);
			name = "[CP] Embed Pods Frameworks";
			outputPaths = (
				"${TARGET_BUILD_DIR}/${FRAMEWORKS_FOLDER_PATH}/GoogleUtilities.framework",
				"${TARGET_BUILD_DIR}/${FRAMEWORKS_FOLDER_PATH}/Protobuf.framework",
				"${TARGET_BUILD_DIR}/${FRAMEWORKS_FOLDER_PATH}/nanopb.framework",
			);
			runOnlyForDeploymentPostprocessing = 0;
			shellPath = /bin/sh;
			shellScript = "\"${SRCROOT}/Pods/Target Support Files/Pods-PushDemo_silent/Pods-PushDemo_silent-frameworks.sh\"\n";
			showEnvVarsInLog = 0;
		};
		C9CFCE60B7575381381E3C82 /* [CP] Check Pods Manifest.lock */ = {
			isa = PBXShellScriptBuildPhase;
			buildActionMask = 2147483647;
			files = (
			);
			inputPaths = (
				"${PODS_PODFILE_DIR_PATH}/Podfile.lock",
				"${PODS_ROOT}/Manifest.lock",
			);
			name = "[CP] Check Pods Manifest.lock";
			outputPaths = (
				"$(DERIVED_FILE_DIR)/Pods-PushDemo_silent-checkManifestLockResult.txt",
			);
			runOnlyForDeploymentPostprocessing = 0;
			shellPath = /bin/sh;
			shellScript = "diff \"${PODS_PODFILE_DIR_PATH}/Podfile.lock\" \"${PODS_ROOT}/Manifest.lock\" > /dev/null\nif [ $? != 0 ] ; then\n    # print error to STDERR\n    echo \"error: The sandbox is not in sync with the Podfile.lock. Run 'pod install' or update your CocoaPods installation.\" >&2\n    exit 1\nfi\n# This output is used by Xcode 'outputs' to avoid re-running this script phase.\necho \"SUCCESS\" > \"${SCRIPT_OUTPUT_FILE_0}\"\n";
			showEnvVarsInLog = 0;
		};
/* End PBXShellScriptBuildPhase section */

/* Begin PBXSourcesBuildPhase section */
		A266752A225C7D780033396D /* Sources */ = {
			isa = PBXSourcesBuildPhase;
			buildActionMask = 2147483647;
			files = (
				A2667534225C7D780033396D /* ViewController.swift in Sources */,
				A2667532225C7D780033396D /* AppDelegate.swift in Sources */,
				A2CC1D4D225F4AFA001C337F /* ListViewController.swift in Sources */,
			);
			runOnlyForDeploymentPostprocessing = 0;
		};
/* End PBXSourcesBuildPhase section */

/* Begin PBXVariantGroup section */
		A2667535225C7D780033396D /* Main.storyboard */ = {
			isa = PBXVariantGroup;
			children = (
				A2667536225C7D780033396D /* Base */,
			);
			name = Main.storyboard;
			sourceTree = "<group>";
		};
		A266753A225C7D8C0033396D /* LaunchScreen.storyboard */ = {
			isa = PBXVariantGroup;
			children = (
				A266753B225C7D8C0033396D /* Base */,
			);
			name = LaunchScreen.storyboard;
			sourceTree = "<group>";
		};
/* End PBXVariantGroup section */

/* Begin XCBuildConfiguration section */
		A266753E225C7D8D0033396D /* Debug */ = {
			isa = XCBuildConfiguration;
			buildSettings = {
				ALWAYS_SEARCH_USER_PATHS = NO;
				CLANG_ANALYZER_NONNULL = YES;
				CLANG_ANALYZER_NUMBER_OBJECT_CONVERSION = YES_AGGRESSIVE;
				CLANG_CXX_LANGUAGE_STANDARD = "gnu++14";
				CLANG_CXX_LIBRARY = "libc++";
				CLANG_ENABLE_MODULES = YES;
				CLANG_ENABLE_OBJC_ARC = YES;
				CLANG_ENABLE_OBJC_WEAK = YES;
				CLANG_WARN_BLOCK_CAPTURE_AUTORELEASING = YES;
				CLANG_WARN_BOOL_CONVERSION = YES;
				CLANG_WARN_COMMA = YES;
				CLANG_WARN_CONSTANT_CONVERSION = YES;
				CLANG_WARN_DEPRECATED_OBJC_IMPLEMENTATIONS = YES;
				CLANG_WARN_DIRECT_OBJC_ISA_USAGE = YES_ERROR;
				CLANG_WARN_DOCUMENTATION_COMMENTS = YES;
				CLANG_WARN_EMPTY_BODY = YES;
				CLANG_WARN_ENUM_CONVERSION = YES;
				CLANG_WARN_INFINITE_RECURSION = YES;
				CLANG_WARN_INT_CONVERSION = YES;
				CLANG_WARN_NON_LITERAL_NULL_CONVERSION = YES;
				CLANG_WARN_OBJC_IMPLICIT_RETAIN_SELF = YES;
				CLANG_WARN_OBJC_LITERAL_CONVERSION = YES;
				CLANG_WARN_OBJC_ROOT_CLASS = YES_ERROR;
				CLANG_WARN_RANGE_LOOP_ANALYSIS = YES;
				CLANG_WARN_STRICT_PROTOTYPES = YES;
				CLANG_WARN_SUSPICIOUS_MOVE = YES;
				CLANG_WARN_UNGUARDED_AVAILABILITY = YES_AGGRESSIVE;
				CLANG_WARN_UNREACHABLE_CODE = YES;
				CLANG_WARN__DUPLICATE_METHOD_MATCH = YES;
				CODE_SIGN_IDENTITY = "iPhone Developer";
				COPY_PHASE_STRIP = NO;
				DEBUG_INFORMATION_FORMAT = dwarf;
				ENABLE_STRICT_OBJC_MSGSEND = YES;
				ENABLE_TESTABILITY = YES;
				GCC_C_LANGUAGE_STANDARD = gnu11;
				GCC_DYNAMIC_NO_PIC = NO;
				GCC_NO_COMMON_BLOCKS = YES;
				GCC_OPTIMIZATION_LEVEL = 0;
				GCC_PREPROCESSOR_DEFINITIONS = (
					"DEBUG=1",
					"$(inherited)",
				);
				GCC_WARN_64_TO_32_BIT_CONVERSION = YES;
				GCC_WARN_ABOUT_RETURN_TYPE = YES_ERROR;
				GCC_WARN_UNDECLARED_SELECTOR = YES;
				GCC_WARN_UNINITIALIZED_AUTOS = YES_AGGRESSIVE;
				GCC_WARN_UNUSED_FUNCTION = YES;
				GCC_WARN_UNUSED_VARIABLE = YES;
				IPHONEOS_DEPLOYMENT_TARGET = 12.0;
				MTL_ENABLE_DEBUG_INFO = INCLUDE_SOURCE;
				MTL_FAST_MATH = YES;
				ONLY_ACTIVE_ARCH = YES;
				SDKROOT = iphoneos;
				SWIFT_ACTIVE_COMPILATION_CONDITIONS = DEBUG;
				SWIFT_OPTIMIZATION_LEVEL = "-Onone";
			};
			name = Debug;
		};
		A266753F225C7D8D0033396D /* Release */ = {
			isa = XCBuildConfiguration;
			buildSettings = {
				ALWAYS_SEARCH_USER_PATHS = NO;
				CLANG_ANALYZER_NONNULL = YES;
				CLANG_ANALYZER_NUMBER_OBJECT_CONVERSION = YES_AGGRESSIVE;
				CLANG_CXX_LANGUAGE_STANDARD = "gnu++14";
				CLANG_CXX_LIBRARY = "libc++";
				CLANG_ENABLE_MODULES = YES;
				CLANG_ENABLE_OBJC_ARC = YES;
				CLANG_ENABLE_OBJC_WEAK = YES;
				CLANG_WARN_BLOCK_CAPTURE_AUTORELEASING = YES;
				CLANG_WARN_BOOL_CONVERSION = YES;
				CLANG_WARN_COMMA = YES;
				CLANG_WARN_CONSTANT_CONVERSION = YES;
				CLANG_WARN_DEPRECATED_OBJC_IMPLEMENTATIONS = YES;
				CLANG_WARN_DIRECT_OBJC_ISA_USAGE = YES_ERROR;
				CLANG_WARN_DOCUMENTATION_COMMENTS = YES;
				CLANG_WARN_EMPTY_BODY = YES;
				CLANG_WARN_ENUM_CONVERSION = YES;
				CLANG_WARN_INFINITE_RECURSION = YES;
				CLANG_WARN_INT_CONVERSION = YES;
				CLANG_WARN_NON_LITERAL_NULL_CONVERSION = YES;
				CLANG_WARN_OBJC_IMPLICIT_RETAIN_SELF = YES;
				CLANG_WARN_OBJC_LITERAL_CONVERSION = YES;
				CLANG_WARN_OBJC_ROOT_CLASS = YES_ERROR;
				CLANG_WARN_RANGE_LOOP_ANALYSIS = YES;
				CLANG_WARN_STRICT_PROTOTYPES = YES;
				CLANG_WARN_SUSPICIOUS_MOVE = YES;
				CLANG_WARN_UNGUARDED_AVAILABILITY = YES_AGGRESSIVE;
				CLANG_WARN_UNREACHABLE_CODE = YES;
				CLANG_WARN__DUPLICATE_METHOD_MATCH = YES;
				CODE_SIGN_IDENTITY = "iPhone Developer";
				COPY_PHASE_STRIP = NO;
				DEBUG_INFORMATION_FORMAT = "dwarf-with-dsym";
				ENABLE_NS_ASSERTIONS = NO;
				ENABLE_STRICT_OBJC_MSGSEND = YES;
				GCC_C_LANGUAGE_STANDARD = gnu11;
				GCC_NO_COMMON_BLOCKS = YES;
				GCC_WARN_64_TO_32_BIT_CONVERSION = YES;
				GCC_WARN_ABOUT_RETURN_TYPE = YES_ERROR;
				GCC_WARN_UNDECLARED_SELECTOR = YES;
				GCC_WARN_UNINITIALIZED_AUTOS = YES_AGGRESSIVE;
				GCC_WARN_UNUSED_FUNCTION = YES;
				GCC_WARN_UNUSED_VARIABLE = YES;
				IPHONEOS_DEPLOYMENT_TARGET = 12.0;
				MTL_ENABLE_DEBUG_INFO = NO;
				MTL_FAST_MATH = YES;
				SDKROOT = iphoneos;
				SWIFT_COMPILATION_MODE = wholemodule;
				SWIFT_OPTIMIZATION_LEVEL = "-O";
				VALIDATE_PRODUCT = YES;
			};
			name = Release;
		};
		A2667541225C7D8D0033396D /* Debug */ = {
			isa = XCBuildConfiguration;
			baseConfigurationReference = AD2F3C61D8381B4D53C1EC51 /* Pods-PushDemo_silent.debug.xcconfig */;
			buildSettings = {
				ASSETCATALOG_COMPILER_APPICON_NAME = AppIcon;
				CODE_SIGN_ENTITLEMENTS = PushDemo_silent/PushDemo_silent.entitlements;
				CODE_SIGN_STYLE = Automatic;
				DEVELOPMENT_TEAM = EJRH7C39D5;
				INFOPLIST_FILE = PushDemo_silent/Info.plist;
				IPHONEOS_DEPLOYMENT_TARGET = 12.0;
				LD_RUNPATH_SEARCH_PATHS = (
					"$(inherited)",
					"@executable_path/Frameworks",
				);
				PRODUCT_BUNDLE_IDENTIFIER = com.HDPushDemo;
				PRODUCT_NAME = "$(TARGET_NAME)";
				SWIFT_VERSION = 4.2;
				TARGETED_DEVICE_FAMILY = "1,2";
			};
			name = Debug;
		};
		A2667542225C7D8D0033396D /* Release */ = {
			isa = XCBuildConfiguration;
			baseConfigurationReference = 747B4CFEE5EA7A160B2EB2B5 /* Pods-PushDemo_silent.release.xcconfig */;
			buildSettings = {
				ASSETCATALOG_COMPILER_APPICON_NAME = AppIcon;
				CODE_SIGN_ENTITLEMENTS = PushDemo_silent/PushDemo_silent.entitlements;
				CODE_SIGN_STYLE = Automatic;
				DEVELOPMENT_TEAM = EJRH7C39D5;
				INFOPLIST_FILE = PushDemo_silent/Info.plist;
				IPHONEOS_DEPLOYMENT_TARGET = 12.0;
				LD_RUNPATH_SEARCH_PATHS = (
					"$(inherited)",
					"@executable_path/Frameworks",
				);
				PRODUCT_BUNDLE_IDENTIFIER = com.HDPushDemo;
				PRODUCT_NAME = "$(TARGET_NAME)";
				SWIFT_VERSION = 4.2;
				TARGETED_DEVICE_FAMILY = "1,2";
			};
			name = Release;
		};
/* End XCBuildConfiguration section */

/* Begin XCConfigurationList section */
		A2667529225C7D770033396D /* Build configuration list for PBXProject "PushDemo_silent" */ = {
			isa = XCConfigurationList;
			buildConfigurations = (
				A266753E225C7D8D0033396D /* Debug */,
				A266753F225C7D8D0033396D /* Release */,
			);
			defaultConfigurationIsVisible = 0;
			defaultConfigurationName = Release;
		};
		A2667540225C7D8D0033396D /* Build configuration list for PBXNativeTarget "PushDemo_silent" */ = {
			isa = XCConfigurationList;
			buildConfigurations = (
				A2667541225C7D8D0033396D /* Debug */,
				A2667542225C7D8D0033396D /* Release */,
			);
			defaultConfigurationIsVisible = 0;
			defaultConfigurationName = Release;
		};
/* End XCConfigurationList section */
	};
	rootObject = A2667526225C7D770033396D /* Project object */;
}
